{
  "version": 1,
  "algorithm": "sha256-normalized-core-contract-v1",
  "surfaces": [
    {
      "name": "notcore-reporter",
      "path": "crates/notcore/src/reporter.rs",
      "hash": "b0ee033b0127c47bf99e4fae20d4003450c7bafa646c51e03be239193a748d7a"
    },
    {
      "name": "notfiles-ports",
      "path": "crates/notfiles/src/ports.rs",
      "hash": "5bd038d0996e0691d506d25045f534959f49810d5d73aa208ea0483b1903700b"
    },
    {
      "name": "notsecrets-ports",
      "path": "crates/notsecrets/src/ports.rs",
      "hash": "e2ded876addc2cead21fa2df909c52984e32b9d397e4fb1213e14dd76f7f9716"
    },
    {
      "name": "notforge-ports",
      "path": "crates/notforge/src/ports.rs",
      "hash": "643ec5951247e1d2d7d28d70909847f576d432b035e7ae22f11f2e8a804d9033"
    },
    {
      "name": "notforge-gitea",
      "path": "crates/notforge/src/gitea.rs",
      "hash": "1fb7c338a08a5929a9e37c589de422114a0337bfa6cda05ed694a3c45c48e73b"
    }
  ]
}
